
Microsoft Visual Studio Solution File, Format Version 12.00
# Visual Studio 15
VisualStudioVersion = 15.0.28307.489
MinimumVisualStudioVersion = 10.0.40219.1
Project("{FAE04EC0-301F-11D3-BF4B-00C04F79EFBC}") = "OSIM.Core", "OSIM.Core\OSIM.Core.csproj", "{9EAA6CB5-4D9C-4A1A-A21B-BDE2C3240D6C}"
EndProject
Project("{FAE04EC0-301F-11D3-BF4B-00C04F79EFBC}") = "OSIM.IntegrationTests", "OSIM.IntegrationTests\OSIM.IntegrationTests.csproj", "{F99E2DBA-6556-4A08-A7D8-A4087CA2EA2A}"
EndProject
Project("{FAE04EC0-301F-11D3-BF4B-00C04F79EFBC}") = "OSIM.UnitTests", "OSIM.UnitTests\OSIM.UnitTests.csproj", "{62D7A195-8742-4306-8AA7-1CF32C97DD22}"
EndProject
Project("{FAE04EC0-301F-11D3-BF4B-00C04F79EFBC}") = "OSIM.WinClient", "OSIM.WinClient\OSIM.WinClient.csproj", "{2D1ADE52-1257-4A93-A5E3-B5E9A652106D}"
EndProject
Project("{FAE04EC0-301F-11D3-BF4B-00C04F79EFBC}") = "OSIM.WebClient", "OSIM.WebClient\OSIM.WebClient.csproj", "{839F180C-1AE6-4A77-8BBF-400EEE0A620E}"
EndProject
Project("{FAE04EC0-301F-11D3-BF4B-00C04F79EFBC}") = "OSIM.ExternalServices", "OSIM.ExternalServices\OSIM.ExternalServices.csproj", "{82E832DE-8E6A-4DB1-9918-4123E4CB6D62}"
EndProject
Global
	GlobalSection(SolutionConfigurationPlatforms) = preSolution
		Debug|Any CPU = Debug|Any CPU
		Release|Any CPU = Release|Any CPU
	EndGlobalSection
	GlobalSection(ProjectConfigurationPlatforms) = postSolution
		{9EAA6CB5-4D9C-4A1A-A21B-BDE2C3240D6C}.Debug|Any CPU.ActiveCfg = Debug|Any CPU
		{9EAA6CB5-4D9C-4A1A-A21B-BDE2C3240D6C}.Debug|Any CPU.Build.0 = Debug|Any CPU
		{9EAA6CB5-4D9C-4A1A-A21B-BDE2C3240D6C}.Release|Any CPU.ActiveCfg = Release|Any CPU
		{9EAA6CB5-4D9C-4A1A-A21B-BDE2C3240D6C}.Release|Any CPU.Build.0 = Release|Any CPU
		{F99E2DBA-6556-4A08-A7D8-A4087CA2EA2A}.Debug|Any CPU.ActiveCfg = Debug|Any CPU
		{F99E2DBA-6556-4A08-A7D8-A4087CA2EA2A}.Debug|Any CPU.Build.0 = Debug|Any CPU
		{F99E2DBA-6556-4A08-A7D8-A4087CA2EA2A}.Release|Any CPU.ActiveCfg = Release|Any CPU
		{F99E2DBA-6556-4A08-A7D8-A4087CA2EA2A}.Release|Any CPU.Build.0 = Release|Any CPU
		{62D7A195-8742-4306-8AA7-1CF32C97DD22}.Debug|Any CPU.ActiveCfg = Debug|Any CPU
		{62D7A195-8742-4306-8AA7-1CF32C97DD22}.Debug|Any CPU.Build.0 = Debug|Any CPU
		{62D7A195-8742-4306-8AA7-1CF32C97DD22}.Release|Any CPU.ActiveCfg = Release|Any CPU
		{62D7A195-8742-4306-8AA7-1CF32C97DD22}.Release|Any CPU.Build.0 = Release|Any CPU
		{2D1ADE52-1257-4A93-A5E3-B5E9A652106D}.Debug|Any CPU.ActiveCfg = Debug|Any CPU
		{2D1ADE52-1257-4A93-A5E3-B5E9A652106D}.Debug|Any CPU.Build.0 = Debug|Any CPU
		{2D1ADE52-1257-4A93-A5E3-B5E9A652106D}.Release|Any CPU.ActiveCfg = Release|Any CPU
		{2D1ADE52-1257-4A93-A5E3-B5E9A652106D}.Release|Any CPU.Build.0 = Release|Any CPU
		{839F180C-1AE6-4A77-8BBF-400EEE0A620E}.Debug|Any CPU.ActiveCfg = Debug|Any CPU
		{839F180C-1AE6-4A77-8BBF-400EEE0A620E}.Debug|Any CPU.Build.0 = Debug|Any CPU
		{839F180C-1AE6-4A77-8BBF-400EEE0A620E}.Release|Any CPU.ActiveCfg = Release|Any CPU
		{839F180C-1AE6-4A77-8BBF-400EEE0A620E}.Release|Any CPU.Build.0 = Release|Any CPU
		{82E832DE-8E6A-4DB1-9918-4123E4CB6D62}.Debug|Any CPU.ActiveCfg = Debug|Any CPU
		{82E832DE-8E6A-4DB1-9918-4123E4CB6D62}.Debug|Any CPU.Build.0 = Debug|Any CPU
		{82E832DE-8E6A-4DB1-9918-4123E4CB6D62}.Release|Any CPU.ActiveCfg = Release|Any CPU
		{82E832DE-8E6A-4DB1-9918-4123E4CB6D62}.Release|Any CPU.Build.0 = Release|Any CPU
	EndGlobalSection
	GlobalSection(SolutionProperties) = preSolution
		HideSolutionNode = FALSE
	EndGlobalSection
	GlobalSection(ExtensibilityGlobals) = postSolution
		SolutionGuid = {6E45D7D2-6109-4963-B6C2-66ADDF5698C9}
	EndGlobalSection
EndGlobal
